// !$*UTF8*$!
{
	archiveVersion = 1;
	classes = {
	};
	objectVersion = 56;
	objects = {

/* Begin PBXBuildFile section */
		1912DDBC2E2F43FC005E8476 /* MemberListViewComponentTests.swift in Sources */ = {isa = PBXBuildFile; fileRef = 1912DDBB2E2F43FC005E8476 /* MemberListViewComponentTests.swift */; };
		19CF6F8D2E2EBFCB0059D20A /* PKNApp.swift in Sources */ = {isa = PBXBuildFile; fileRef = 19CF6F8C2E2EBFCB0059D20A /* PKNApp.swift */; };
		19CF6F8F2E2EBFCB0059D20A /* ContentView.swift in Sources */ = {isa = PBXBuildFile; fileRef = 19CF6F8E2E2EBFCB0059D20A /* ContentView.swift */; };
		19CF6F912E2EBFCC0059D20A /* Assets.xcassets in Resources */ = {isa = PBXBuildFile; fileRef = 19CF6F902E2EBFCC0059D20A /* Assets.xcassets */; };
		19CF6F942E2EBFCC0059D20A /* Preview Assets.xcassets in Resources */ = {isa = PBXBuildFile; fileRef = 19CF6F932E2EBFCC0059D20A /* Preview Assets.xcassets */; };
		19CF6F9E2E2EBFCC0059D20A /* PKNTests.swift in Sources */ = {isa = PBXBuildFile; fileRef = 19CF6F9D2E2EBFCC0059D20A /* PKNTests.swift */; };
		19CF6FA82E2EBFCC0059D20A /* PKNUITests.swift in Sources */ = {isa = PBXBuildFile; fileRef = 19CF6FA72E2EBFCC0059D20A /* PKNUITests.swift */; };
		19CF6FAA2E2EBFCC0059D20A /* PKNUITestsLaunchTests.swift in Sources */ = {isa = PBXBuildFile; fileRef = 19CF6FA92E2EBFCC0059D20A /* PKNUITestsLaunchTests.swift */; };
		19CF6FB72E2EBFE00059D20A /* PANRootView.swift in Sources */ = {isa = PBXBuildFile; fileRef = 19CF6FB62E2EBFE00059D20A /* PANRootView.swift */; };
		19CF6FB92E2EBFE60059D20A /* MemberListView.swift in Sources */ = {isa = PBXBuildFile; fileRef = 19CF6FB82E2EBFE60059D20A /* MemberListView.swift */; };
		19CF6FBB2E2EBFEF0059D20A /* MemberRowView.swift in Sources */ = {isa = PBXBuildFile; fileRef = 19CF6FBA2E2EBFEF0059D20A /* MemberRowView.swift */; };
		19CF6FBD2E2EC04E0059D20A /* Constants.swift in Sources */ = {isa = PBXBuildFile; fileRef = 19CF6FBC2E2EC04E0059D20A /* Constants.swift */; };
		6A54E2F1DC157F168C5314D9 /* Pods_PKN.framework in Frameworks */ = {isa = PBXBuildFile; fileRef = 659212356970CBB5B9AC42DC /* Pods_PKN.framework */; };
		99A4C1C5BFC14EE4A457F130 /* Pods_PKN_PKNUITests.framework in Frameworks */ = {isa = PBXBuildFile; fileRef = 68C3180D8EBFAD94C34423E5 /* Pods_PKN_PKNUITests.framework */; };
		9A29891C336C68F992CA077A /* Pods_PKNTests.framework in Frameworks */ = {isa = PBXBuildFile; fileRef = B18AAB34C6EA444D6C2D1C69 /* Pods_PKNTests.framework */; };
/* End PBXBuildFile section */

/* Begin PBXContainerItemProxy section */
		19CF6F9A2E2EBFCC0059D20A /* PBXContainerItemProxy */ = {
			isa = PBXContainerItemProxy;
			containerPortal = 19CF6F812E2EBFCB0059D20A /* Project object */;
			proxyType = 1;
			remoteGlobalIDString = 19CF6F882E2EBFCB0059D20A;
			remoteInfo = PKN;
		};
		19CF6FA42E2EBFCC0059D20A /* PBXContainerItemProxy */ = {
			isa = PBXContainerItemProxy;
			containerPortal = 19CF6F812E2EBFCB0059D20A /* Project object */;
			proxyType = 1;
			remoteGlobalIDString = 19CF6F882E2EBFCB0059D20A;
			remoteInfo = PKN;
		};
/* End PBXContainerItemProxy section */

/* Begin PBXFileReference section */
		104CEB5CF7BDB5711D27E77F /* Pods-PKN-PKNUITests.debug.xcconfig */ = {isa = PBXFileReference; includeInIndex = 1; lastKnownFileType = text.xcconfig; name = "Pods-PKN-PKNUITests.debug.xcconfig"; path = "Target Support Files/Pods-PKN-PKNUITests/Pods-PKN-PKNUITests.debug.xcconfig"; sourceTree = "<group>"; };
		1912DDBB2E2F43FC005E8476 /* MemberListViewComponentTests.swift */ = {isa = PBXFileReference; lastKnownFileType = sourcecode.swift; path = MemberListViewComponentTests.swift; sourceTree = "<group>"; };
		19CF6F892E2EBFCB0059D20A /* PKN.app */ = {isa = PBXFileReference; explicitFileType = wrapper.application; includeInIndex = 0; path = PKN.app; sourceTree = BUILT_PRODUCTS_DIR; };
		19CF6F8C2E2EBFCB0059D20A /* PKNApp.swift */ = {isa = PBXFileReference; lastKnownFileType = sourcecode.swift; path = PKNApp.swift; sourceTree = "<group>"; };
		19CF6F8E2E2EBFCB0059D20A /* ContentView.swift */ = {isa = PBXFileReference; lastKnownFileType = sourcecode.swift; path = ContentView.swift; sourceTree = "<group>"; };
		19CF6F902E2EBFCC0059D20A /* Assets.xcassets */ = {isa = PBXFileReference; lastKnownFileType = folder.assetcatalog; path = Assets.xcassets; sourceTree = "<group>"; };
		19CF6F932E2EBFCC0059D20A /* Preview Assets.xcassets */ = {isa = PBXFileReference; lastKnownFileType = folder.assetcatalog; path = "Preview Assets.xcassets"; sourceTree = "<group>"; };
		19CF6F992E2EBFCC0059D20A /* PKNTests.xctest */ = {isa = PBXFileReference; explicitFileType = wrapper.cfbundle; includeInIndex = 0; path = PKNTests.xctest; sourceTree = BUILT_PRODUCTS_DIR; };
		19CF6F9D2E2EBFCC0059D20A /* PKNTests.swift */ = {isa = PBXFileReference; lastKnownFileType = sourcecode.swift; path = PKNTests.swift; sourceTree = "<group>"; };
		19CF6FA32E2EBFCC0059D20A /* PKNUITests.xctest */ = {isa = PBXFileReference; explicitFileType = wrapper.cfbundle; includeInIndex = 0; path = PKNUITests.xctest; sourceTree = BUILT_PRODUCTS_DIR; };
		19CF6FA72E2EBFCC0059D20A /* PKNUITests.swift */ = {isa = PBXFileReference; lastKnownFileType = sourcecode.swift; path = PKNUITests.swift; sourceTree = "<group>"; };
		19CF6FA92E2EBFCC0059D20A /* PKNUITestsLaunchTests.swift */ = {isa = PBXFileReference; lastKnownFileType = sourcecode.swift; path = PKNUITestsLaunchTests.swift; sourceTree = "<group>"; };
		19CF6FB62E2EBFE00059D20A /* PANRootView.swift */ = {isa = PBXFileReference; fileEncoding = 4; lastKnownFileType = sourcecode.swift; path = PANRootView.swift; sourceTree = "<group>"; };
		19CF6FB82E2EBFE60059D20A /* MemberListView.swift */ = {isa = PBXFileReference; fileEncoding = 4; lastKnownFileType = sourcecode.swift; path = MemberListView.swift; sourceTree = "<group>"; };
		19CF6FBA2E2EBFEF0059D20A /* MemberRowView.swift */ = {isa = PBXFileReference; fileEncoding = 4; lastKnownFileType = sourcecode.swift; path = MemberRowView.swift; sourceTree = "<group>"; };
		19CF6FBC2E2EC04E0059D20A /* Constants.swift */ = {isa = PBXFileReference; fileEncoding = 4; lastKnownFileType = sourcecode.swift; path = Constants.swift; sourceTree = "<group>"; };
		626C6AABCEF7C4B314941BA3 /* Pods-PKNTests.release.xcconfig */ = {isa = PBXFileReference; includeInIndex = 1; lastKnownFileType = text.xcconfig; name = "Pods-PKNTests.release.xcconfig"; path = "Target Support Files/Pods-PKNTests/Pods-PKNTests.release.xcconfig"; sourceTree = "<group>"; };
		639C3F26CDCA9C093F43864C /* Pods-PKN.release.xcconfig */ = {isa = PBXFileReference; includeInIndex = 1; lastKnownFileType = text.xcconfig; name = "Pods-PKN.release.xcconfig"; path = "Target Support Files/Pods-PKN/Pods-PKN.release.xcconfig"; sourceTree = "<group>"; };
		659212356970CBB5B9AC42DC /* Pods_PKN.framework */ = {isa = PBXFileReference; explicitFileType = wrapper.framework; includeInIndex = 0; path = Pods_PKN.framework; sourceTree = BUILT_PRODUCTS_DIR; };
		68C3180D8EBFAD94C34423E5 /* Pods_PKN_PKNUITests.framework */ = {isa = PBXFileReference; explicitFileType = wrapper.framework; includeInIndex = 0; path = Pods_PKN_PKNUITests.framework; sourceTree = BUILT_PRODUCTS_DIR; };
		816274F211AD33B64D984E4E /* Pods-PKN.debug.xcconfig */ = {isa = PBXFileReference; includeInIndex = 1; lastKnownFileType = text.xcconfig; name = "Pods-PKN.debug.xcconfig"; path = "Target Support Files/Pods-PKN/Pods-PKN.debug.xcconfig"; sourceTree = "<group>"; };
		A5A4B97045D4CD5AC465E812 /* Pods-PKN-PKNUITests.release.xcconfig */ = {isa = PBXFileReference; includeInIndex = 1; lastKnownFileType = text.xcconfig; name = "Pods-PKN-PKNUITests.release.xcconfig"; path = "Target Support Files/Pods-PKN-PKNUITests/Pods-PKN-PKNUITests.release.xcconfig"; sourceTree = "<group>"; };
		B18AAB34C6EA444D6C2D1C69 /* Pods_PKNTests.framework */ = {isa = PBXFileReference; explicitFileType = wrapper.framework; includeInIndex = 0; path = Pods_PKNTests.framework; sourceTree = BUILT_PRODUCTS_DIR; };
		E6E8137486AF2DDC89B3EEAC /* Pods-PKNTests.debug.xcconfig */ = {isa = PBXFileReference; includeInIndex = 1; lastKnownFileType = text.xcconfig; name = "Pods-PKNTests.debug.xcconfig"; path = "Target Support Files/Pods-PKNTests/Pods-PKNTests.debug.xcconfig"; sourceTree = "<group>"; };
/* End PBXFileReference section */

/* Begin PBXFrameworksBuildPhase section */
		19CF6F862E2EBFCB0059D20A /* Frameworks */ = {
			isa = PBXFrameworksBuildPhase;
			buildActionMask = 2147483647;
			files = (
				6A54E2F1DC157F168C5314D9 /* Pods_PKN.framework in Frameworks */,
			);
			runOnlyForDeploymentPostprocessing = 0;
		};
		19CF6F962E2EBFCC0059D20A /* Frameworks */ = {
			isa = PBXFrameworksBuildPhase;
			buildActionMask = 2147483647;
			files = (
				9A29891C336C68F992CA077A /* Pods_PKNTests.framework in Frameworks */,
			);
			runOnlyForDeploymentPostprocessing = 0;
		};
		19CF6FA02E2EBFCC0059D20A /* Frameworks */ = {
			isa = PBXFrameworksBuildPhase;
			buildActionMask = 2147483647;
			files = (
				99A4C1C5BFC14EE4A457F130 /* Pods_PKN_PKNUITests.framework in Frameworks */,
			);
			runOnlyForDeploymentPostprocessing = 0;
		};
/* End PBXFrameworksBuildPhase section */

/* Begin PBXGroup section */
		19CF6F802E2EBFCB0059D20A = {
			isa = PBXGroup;
			children = (
				19CF6F8B2E2EBFCB0059D20A /* PKN */,
				19CF6F9C2E2EBFCC0059D20A /* PKNTests */,
				19CF6FA62E2EBFCC0059D20A /* PKNUITests */,
				19CF6F8A2E2EBFCB0059D20A /* Products */,
				A7A5A6F6241E2F4D1195C79B /* Pods */,
				EDD681027E3C3BE73C977F28 /* Frameworks */,
			);
			sourceTree = "<group>";
		};
		19CF6F8A2E2EBFCB0059D20A /* Products */ = {
			isa = PBXGroup;
			children = (
				19CF6F892E2EBFCB0059D20A /* PKN.app */,
				19CF6F992E2EBFCC0059D20A /* PKNTests.xctest */,
				19CF6FA32E2EBFCC0059D20A /* PKNUITests.xctest */,
			);
			name = Products;
			sourceTree = "<group>";
		};
		19CF6F8B2E2EBFCB0059D20A /* PKN */ = {
			isa = PBXGroup;
			children = (
				19CF6F8C2E2EBFCB0059D20A /* PKNApp.swift */,
				19CF6FBC2E2EC04E0059D20A /* Constants.swift */,
				19CF6FB62E2EBFE00059D20A /* PANRootView.swift */,
				19CF6FB82E2EBFE60059D20A /* MemberListView.swift */,
				19CF6FBA2E2EBFEF0059D20A /* MemberRowView.swift */,
				19CF6F8E2E2EBFCB0059D20A /* ContentView.swift */,
				19CF6F902E2EBFCC0059D20A /* Assets.xcassets */,
				19CF6F922E2EBFCC0059D20A /* Preview Content */,
			);
			path = PKN;
			sourceTree = "<group>";
		};
		19CF6F922E2EBFCC0059D20A /* Preview Content */ = {
			isa = PBXGroup;
			children = (
				19CF6F932E2EBFCC0059D20A /* Preview Assets.xcassets */,
			);
			path = "Preview Content";
			sourceTree = "<group>";
		};
		19CF6F9C2E2EBFCC0059D20A /* PKNTests */ = {
			isa = PBXGroup;
			children = (
				19CF6F9D2E2EBFCC0059D20A /* PKNTests.swift */,
			);
			path = PKNTests;
			sourceTree = "<group>";
		};
		19CF6FA62E2EBFCC0059D20A /* PKNUITests */ = {
			isa = PBXGroup;
			children = (
				1912DDBB2E2F43FC005E8476 /* MemberListViewComponentTests.swift */,
				19CF6FA72E2EBFCC0059D20A /* PKNUITests.swift */,
				19CF6FA92E2EBFCC0059D20A /* PKNUITestsLaunchTests.swift */,
			);
			path = PKNUITests;
			sourceTree = "<group>";
		};
		A7A5A6F6241E2F4D1195C79B /* Pods */ = {
			isa = PBXGroup;
			children = (
				816274F211AD33B64D984E4E /* Pods-PKN.debug.xcconfig */,
				639C3F26CDCA9C093F43864C /* Pods-PKN.release.xcconfig */,
				104CEB5CF7BDB5711D27E77F /* Pods-PKN-PKNUITests.debug.xcconfig */,
				A5A4B97045D4CD5AC465E812 /* Pods-PKN-PKNUITests.release.xcconfig */,
				E6E8137486AF2DDC89B3EEAC /* Pods-PKNTests.debug.xcconfig */,
				626C6AABCEF7C4B314941BA3 /* Pods-PKNTests.release.xcconfig */,
			);
			path = Pods;
			sourceTree = "<group>";
		};
		EDD681027E3C3BE73C977F28 /* Frameworks */ = {
			isa = PBXGroup;
			children = (
				659212356970CBB5B9AC42DC /* Pods_PKN.framework */,
				68C3180D8EBFAD94C34423E5 /* Pods_PKN_PKNUITests.framework */,
				B18AAB34C6EA444D6C2D1C69 /* Pods_PKNTests.framework */,
			);
			name = Frameworks;
			sourceTree = "<group>";
		};
/* End PBXGroup section */

/* Begin PBXNativeTarget section */
		19CF6F882E2EBFCB0059D20A /* PKN */ = {
			isa = PBXNativeTarget;
			buildConfigurationList = 19CF6FAD2E2EBFCC0059D20A /* Build configuration list for PBXNativeTarget "PKN" */;
			buildPhases = (
				DB2727C59027B610E08A1C1B /* [CP] Check Pods Manifest.lock */,
				19CF6F852E2EBFCB0059D20A /* Sources */,
				19CF6F862E2EBFCB0059D20A /* Frameworks */,
				19CF6F872E2EBFCB0059D20A /* Resources */,
			);
			buildRules = (
			);
			dependencies = (
			);
			name = PKN;
			productName = PKN;
			productReference = 19CF6F892E2EBFCB0059D20A /* PKN.app */;
			productType = "com.apple.product-type.application";
		};
		19CF6F982E2EBFCC0059D20A /* PKNTests */ = {
			isa = PBXNativeTarget;
			buildConfigurationList = 19CF6FB02E2EBFCC0059D20A /* Build configuration list for PBXNativeTarget "PKNTests" */;
			buildPhases = (
				99AA53339DDF819F1368A9BC /* [CP] Check Pods Manifest.lock */,
				19CF6F952E2EBFCC0059D20A /* Sources */,
				19CF6F962E2EBFCC0059D20A /* Frameworks */,
				19CF6F972E2EBFCC0059D20A /* Resources */,
			);
			buildRules = (
			);
			dependencies = (
				19CF6F9B2E2EBFCC0059D20A /* PBXTargetDependency */,
			);
			name = PKNTests;
			productName = PKNTests;
			productReference = 19CF6F992E2EBFCC0059D20A /* PKNTests.xctest */;
			productType = "com.apple.product-type.bundle.unit-test";
		};
		19CF6FA22E2EBFCC0059D20A /* PKNUITests */ = {
			isa = PBXNativeTarget;
			buildConfigurationList = 19CF6FB32E2EBFCC0059D20A /* Build configuration list for PBXNativeTarget "PKNUITests" */;
			buildPhases = (
				86929EBC487A0D6A8F62C5AE /* [CP] Check Pods Manifest.lock */,
				19CF6F9F2E2EBFCC0059D20A /* Sources */,
				19CF6FA02E2EBFCC0059D20A /* Frameworks */,
				19CF6FA12E2EBFCC0059D20A /* Resources */,
				A7FEB2B84FC754E5E926BD91 /* [CP] Embed Pods Frameworks */,
			);
			buildRules = (
			);
			dependencies = (
				19CF6FA52E2EBFCC0059D20A /* PBXTargetDependency */,
			);
			name = PKNUITests;
			productName = PKNUITests;
			productReference = 19CF6FA32E2EBFCC0059D20A /* PKNUITests.xctest */;
			productType = "com.apple.product-type.bundle.ui-testing";
		};
/* End PBXNativeTarget section */

/* Begin PBXProject section */
		19CF6F812E2EBFCB0059D20A /* Project object */ = {
			isa = PBXProject;
			attributes = {
				BuildIndependentTargetsInParallel = 1;
				LastSwiftUpdateCheck = 1540;
				LastUpgradeCheck = 1540;
				TargetAttributes = {
					19CF6F882E2EBFCB0059D20A = {
						CreatedOnToolsVersion = 15.4;
					};
					19CF6F982E2EBFCC0059D20A = {
						CreatedOnToolsVersion = 15.4;
						TestTargetID = 19CF6F882E2EBFCB0059D20A;
					};
					19CF6FA22E2EBFCC0059D20A = {
						CreatedOnToolsVersion = 15.4;
						TestTargetID = 19CF6F882E2EBFCB0059D20A;
					};
				};
			};
			buildConfigurationList = 19CF6F842E2EBFCB0059D20A /* Build configuration list for PBXProject "PKN" */;
			compatibilityVersion = "Xcode 14.0";
			developmentRegion = en;
			hasScannedForEncodings = 0;
			knownRegions = (
				en,
				Base,
			);
			mainGroup = 19CF6F802E2EBFCB0059D20A;
			productRefGroup = 19CF6F8A2E2EBFCB0059D20A /* Products */;
			projectDirPath = "";
			projectRoot = "";
			targets = (
				19CF6F882E2EBFCB0059D20A /* PKN */,
				19CF6F982E2EBFCC0059D20A /* PKNTests */,
				19CF6FA22E2EBFCC0059D20A /* PKNUITests */,
			);
		};
/* End PBXProject section */

/* Begin PBXResourcesBuildPhase section */
		19CF6F872E2EBFCB0059D20A /* Resources */ = {
			isa = PBXResourcesBuildPhase;
			buildActionMask = 2147483647;
			files = (
				19CF6F942E2EBFCC0059D20A /* Preview Assets.xcassets in Resources */,
				19CF6F912E2EBFCC0059D20A /* Assets.xcassets in Resources */,
			);
			runOnlyForDeploymentPostprocessing = 0;
		};
		19CF6F972E2EBFCC0059D20A /* Resources */ = {
			isa = PBXResourcesBuildPhase;
			buildActionMask = 2147483647;
			files = (
			);
			runOnlyForDeploymentPostprocessing = 0;
		};
		19CF6FA12E2EBFCC0059D20A /* Resources */ = {
			isa = PBXResourcesBuildPhase;
			buildActionMask = 2147483647;
			files = (
			);
			runOnlyForDeploymentPostprocessing = 0;
		};
/* End PBXResourcesBuildPhase section */

/* Begin PBXShellScriptBuildPhase section */
		86929EBC487A0D6A8F62C5AE /* [CP] Check Pods Manifest.lock */ = {
			isa = PBXShellScriptBuildPhase;
			buildActionMask = 2147483647;
			files = (
			);
			inputFileListPaths = (
			);
			inputPaths = (
				"${PODS_PODFILE_DIR_PATH}/Podfile.lock",
				"${PODS_ROOT}/Manifest.lock",
			);
			name = "[CP] Check Pods Manifest.lock";
			outputFileListPaths = (
			);
			outputPaths = (
				"$(DERIVED_FILE_DIR)/Pods-PKN-PKNUITests-checkManifestLockResult.txt",
			);
			runOnlyForDeploymentPostprocessing = 0;
			shellPath = /bin/sh;
			shellScript = "diff \"${PODS_PODFILE_DIR_PATH}/Podfile.lock\" \"${PODS_ROOT}/Manifest.lock\" > /dev/null\nif [ $? != 0 ] ; then\n    # print error to STDERR\n    echo \"error: The sandbox is not in sync with the Podfile.lock. Run 'pod install' or update your CocoaPods installation.\" >&2\n    exit 1\nfi\n# This output is used by Xcode 'outputs' to avoid re-running this script phase.\necho \"SUCCESS\" > \"${SCRIPT_OUTPUT_FILE_0}\"\n";
			showEnvVarsInLog = 0;
		};
		99AA53339DDF819F1368A9BC /* [CP] Check Pods Manifest.lock */ = {
			isa = PBXShellScriptBuildPhase;
			buildActionMask = 2147483647;
			files = (
			);
			inputFileListPaths = (
			);
			inputPaths = (
				"${PODS_PODFILE_DIR_PATH}/Podfile.lock",
				"${PODS_ROOT}/Manifest.lock",
			);
			name = "[CP] Check Pods Manifest.lock";
			outputFileListPaths = (
			);
			outputPaths = (
				"$(DERIVED_FILE_DIR)/Pods-PKNTests-checkManifestLockResult.txt",
			);
			runOnlyForDeploymentPostprocessing = 0;
			shellPath = /bin/sh;
			shellScript = "diff \"${PODS_PODFILE_DIR_PATH}/Podfile.lock\" \"${PODS_ROOT}/Manifest.lock\" > /dev/null\nif [ $? != 0 ] ; then\n    # print error to STDERR\n    echo \"error: The sandbox is not in sync with the Podfile.lock. Run 'pod install' or update your CocoaPods installation.\" >&2\n    exit 1\nfi\n# This output is used by Xcode 'outputs' to avoid re-running this script phase.\necho \"SUCCESS\" > \"${SCRIPT_OUTPUT_FILE_0}\"\n";
			showEnvVarsInLog = 0;
		};
		A7FEB2B84FC754E5E926BD91 /* [CP] Embed Pods Frameworks */ = {
			isa = PBXShellScriptBuildPhase;
			buildActionMask = 2147483647;
			files = (
			);
			inputFileListPaths = (
				"${PODS_ROOT}/Target Support Files/Pods-PKN-PKNUITests/Pods-PKN-PKNUITests-frameworks-${CONFIGURATION}-input-files.xcfilelist",
			);
			inputPaths = (
			);
			name = "[CP] Embed Pods Frameworks";
			outputFileListPaths = (
				"${PODS_ROOT}/Target Support Files/Pods-PKN-PKNUITests/Pods-PKN-PKNUITests-frameworks-${CONFIGURATION}-output-files.xcfilelist",
			);
			outputPaths = (
			);
			runOnlyForDeploymentPostprocessing = 0;
			shellPath = /bin/sh;
			shellScript = "\"${PODS_ROOT}/Target Support Files/Pods-PKN-PKNUITests/Pods-PKN-PKNUITests-frameworks.sh\"\n";
			showEnvVarsInLog = 0;
		};
		DB2727C59027B610E08A1C1B /* [CP] Check Pods Manifest.lock */ = {
			isa = PBXShellScriptBuildPhase;
			buildActionMask = 2147483647;
			files = (
			);
			inputFileListPaths = (
			);
			inputPaths = (
				"${PODS_PODFILE_DIR_PATH}/Podfile.lock",
				"${PODS_ROOT}/Manifest.lock",
			);
			name = "[CP] Check Pods Manifest.lock";
			outputFileListPaths = (
			);
			outputPaths = (
				"$(DERIVED_FILE_DIR)/Pods-PKN-checkManifestLockResult.txt",
			);
			runOnlyForDeploymentPostprocessing = 0;
			shellPath = /bin/sh;
			shellScript = "diff \"${PODS_PODFILE_DIR_PATH}/Podfile.lock\" \"${PODS_ROOT}/Manifest.lock\" > /dev/null\nif [ $? != 0 ] ; then\n    # print error to STDERR\n    echo \"error: The sandbox is not in sync with the Podfile.lock. Run 'pod install' or update your CocoaPods installation.\" >&2\n    exit 1\nfi\n# This output is used by Xcode 'outputs' to avoid re-running this script phase.\necho \"SUCCESS\" > \"${SCRIPT_OUTPUT_FILE_0}\"\n";
			showEnvVarsInLog = 0;
		};
/* End PBXShellScriptBuildPhase section */

/* Begin PBXSourcesBuildPhase section */
		19CF6F852E2EBFCB0059D20A /* Sources */ = {
			isa = PBXSourcesBuildPhase;
			buildActionMask = 2147483647;
			files = (
				19CF6F8F2E2EBFCB0059D20A /* ContentView.swift in Sources */,
				19CF6FB72E2EBFE00059D20A /* PANRootView.swift in Sources */,
				19CF6FB92E2EBFE60059D20A /* MemberListView.swift in Sources */,
				19CF6F8D2E2EBFCB0059D20A /* PKNApp.swift in Sources */,
				19CF6FBB2E2EBFEF0059D20A /* MemberRowView.swift in Sources */,
				19CF6FBD2E2EC04E0059D20A /* Constants.swift in Sources */,
			);
			runOnlyForDeploymentPostprocessing = 0;
		};
		19CF6F952E2EBFCC0059D20A /* Sources */ = {
			isa = PBXSourcesBuildPhase;
			buildActionMask = 2147483647;
			files = (
				19CF6F9E2E2EBFCC0059D20A /* PKNTests.swift in Sources */,
			);
			runOnlyForDeploymentPostprocessing = 0;
		};
		19CF6F9F2E2EBFCC0059D20A /* Sources */ = {
			isa = PBXSourcesBuildPhase;
			buildActionMask = 2147483647;
			files = (
				1912DDBC2E2F43FC005E8476 /* MemberListViewComponentTests.swift in Sources */,
				19CF6FAA2E2EBFCC0059D20A /* PKNUITestsLaunchTests.swift in Sources */,
				19CF6FA82E2EBFCC0059D20A /* PKNUITests.swift in Sources */,
			);
			runOnlyForDeploymentPostprocessing = 0;
		};
/* End PBXSourcesBuildPhase section */

/* Begin PBXTargetDependency section */
		19CF6F9B2E2EBFCC0059D20A /* PBXTargetDependency */ = {
			isa = PBXTargetDependency;
			target = 19CF6F882E2EBFCB0059D20A /* PKN */;
			targetProxy = 19CF6F9A2E2EBFCC0059D20A /* PBXContainerItemProxy */;
		};
		19CF6FA52E2EBFCC0059D20A /* PBXTargetDependency */ = {
			isa = PBXTargetDependency;
			target = 19CF6F882E2EBFCB0059D20A /* PKN */;
			targetProxy = 19CF6FA42E2EBFCC0059D20A /* PBXContainerItemProxy */;
		};
/* End PBXTargetDependency section */

/* Begin XCBuildConfiguration section */
		19CF6FAB2E2EBFCC0059D20A /* Debug */ = {
			isa = XCBuildConfiguration;
			buildSettings = {
				ALWAYS_SEARCH_USER_PATHS = NO;
				ASSETCATALOG_COMPILER_GENERATE_SWIFT_ASSET_SYMBOL_EXTENSIONS = YES;
				CLANG_ANALYZER_NONNULL = YES;
				CLANG_ANALYZER_NUMBER_OBJECT_CONVERSION = YES_AGGRESSIVE;
				CLANG_CXX_LANGUAGE_STANDARD = "gnu++20";
				CLANG_ENABLE_MODULES = YES;
				CLANG_ENABLE_OBJC_ARC = YES;
				CLANG_ENABLE_OBJC_WEAK = YES;
				CLANG_WARN_BLOCK_CAPTURE_AUTORELEASING = YES;
				CLANG_WARN_BOOL_CONVERSION = YES;
				CLANG_WARN_COMMA = YES;
				CLANG_WARN_CONSTANT_CONVERSION = YES;
				CLANG_WARN_DEPRECATED_OBJC_IMPLEMENTATIONS = YES;
				CLANG_WARN_DIRECT_OBJC_ISA_USAGE = YES_ERROR;
				CLANG_WARN_DOCUMENTATION_COMMENTS = YES;
				CLANG_WARN_EMPTY_BODY = YES;
				CLANG_WARN_ENUM_CONVERSION = YES;
				CLANG_WARN_INFINITE_RECURSION = YES;
				CLANG_WARN_INT_CONVERSION = YES;
				CLANG_WARN_NON_LITERAL_NULL_CONVERSION = YES;
				CLANG_WARN_OBJC_IMPLICIT_RETAIN_SELF = YES;
				CLANG_WARN_OBJC_LITERAL_CONVERSION = YES;
				CLANG_WARN_OBJC_ROOT_CLASS = YES_ERROR;
				CLANG_WARN_QUOTED_INCLUDE_IN_FRAMEWORK_HEADER = YES;
				CLANG_WARN_RANGE_LOOP_ANALYSIS = YES;
				CLANG_WARN_STRICT_PROTOTYPES = YES;
				CLANG_WARN_SUSPICIOUS_MOVE = YES;
				CLANG_WARN_UNGUARDED_AVAILABILITY = YES_AGGRESSIVE;
				CLANG_WARN_UNREACHABLE_CODE = YES;
				CLANG_WARN__DUPLICATE_METHOD_MATCH = YES;
				COPY_PHASE_STRIP = NO;
				DEBUG_INFORMATION_FORMAT = dwarf;
				ENABLE_STRICT_OBJC_MSGSEND = YES;
				ENABLE_TESTABILITY = YES;
				ENABLE_USER_SCRIPT_SANDBOXING = YES;
				GCC_C_LANGUAGE_STANDARD = gnu17;
				GCC_DYNAMIC_NO_PIC = NO;
				GCC_NO_COMMON_BLOCKS = YES;
				GCC_OPTIMIZATION_LEVEL = 0;
				GCC_PREPROCESSOR_DEFINITIONS = (
					"DEBUG=1",
					"$(inherited)",
				);
				GCC_WARN_64_TO_32_BIT_CONVERSION = YES;
				GCC_WARN_ABOUT_RETURN_TYPE = YES_ERROR;
				GCC_WARN_UNDECLARED_SELECTOR = YES;
				GCC_WARN_UNINITIALIZED_AUTOS = YES_AGGRESSIVE;
				GCC_WARN_UNUSED_FUNCTION = YES;
				GCC_WARN_UNUSED_VARIABLE = YES;
				IPHONEOS_DEPLOYMENT_TARGET = 17.5;
				LOCALIZATION_PREFERS_STRING_CATALOGS = YES;
				MTL_ENABLE_DEBUG_INFO = INCLUDE_SOURCE;
				MTL_FAST_MATH = YES;
				ONLY_ACTIVE_ARCH = YES;
				SDKROOT = iphoneos;
				SWIFT_ACTIVE_COMPILATION_CONDITIONS = "DEBUG $(inherited)";
				SWIFT_OPTIMIZATION_LEVEL = "-Onone";
			};
			name = Debug;
		};
		19CF6FAC2E2EBFCC0059D20A /* Release */ = {
			isa = XCBuildConfiguration;
			buildSettings = {
				ALWAYS_SEARCH_USER_PATHS = NO;
				ASSETCATALOG_COMPILER_GENERATE_SWIFT_ASSET_SYMBOL_EXTENSIONS = YES;
				CLANG_ANALYZER_NONNULL = YES;
				CLANG_ANALYZER_NUMBER_OBJECT_CONVERSION = YES_AGGRESSIVE;
				CLANG_CXX_LANGUAGE_STANDARD = "gnu++20";
				CLANG_ENABLE_MODULES = YES;
				CLANG_ENABLE_OBJC_ARC = YES;
				CLANG_ENABLE_OBJC_WEAK = YES;
				CLANG_WARN_BLOCK_CAPTURE_AUTORELEASING = YES;
				CLANG_WARN_BOOL_CONVERSION = YES;
				CLANG_WARN_COMMA = YES;
				CLANG_WARN_CONSTANT_CONVERSION = YES;
				CLANG_WARN_DEPRECATED_OBJC_IMPLEMENTATIONS = YES;
				CLANG_WARN_DIRECT_OBJC_ISA_USAGE = YES_ERROR;
				CLANG_WARN_DOCUMENTATION_COMMENTS = YES;
				CLANG_WARN_EMPTY_BODY = YES;
				CLANG_WARN_ENUM_CONVERSION = YES;
				CLANG_WARN_INFINITE_RECURSION = YES;
				CLANG_WARN_INT_CONVERSION = YES;
				CLANG_WARN_NON_LITERAL_NULL_CONVERSION = YES;
				CLANG_WARN_OBJC_IMPLICIT_RETAIN_SELF = YES;
				CLANG_WARN_OBJC_LITERAL_CONVERSION = YES;
				CLANG_WARN_OBJC_ROOT_CLASS = YES_ERROR;
				CLANG_WARN_QUOTED_INCLUDE_IN_FRAMEWORK_HEADER = YES;
				CLANG_WARN_RANGE_LOOP_ANALYSIS = YES;
				CLANG_WARN_STRICT_PROTOTYPES = YES;
				CLANG_WARN_SUSPICIOUS_MOVE = YES;
				CLANG_WARN_UNGUARDED_AVAILABILITY = YES_AGGRESSIVE;
				CLANG_WARN_UNREACHABLE_CODE = YES;
				CLANG_WARN__DUPLICATE_METHOD_MATCH = YES;
				COPY_PHASE_STRIP = NO;
				DEBUG_INFORMATION_FORMAT = "dwarf-with-dsym";
				ENABLE_NS_ASSERTIONS = NO;
				ENABLE_STRICT_OBJC_MSGSEND = YES;
				ENABLE_USER_SCRIPT_SANDBOXING = YES;
				GCC_C_LANGUAGE_STANDARD = gnu17;
				GCC_NO_COMMON_BLOCKS = YES;
				GCC_WARN_64_TO_32_BIT_CONVERSION = YES;
				GCC_WARN_ABOUT_RETURN_TYPE = YES_ERROR;
				GCC_WARN_UNDECLARED_SELECTOR = YES;
				GCC_WARN_UNINITIALIZED_AUTOS = YES_AGGRESSIVE;
				GCC_WARN_UNUSED_FUNCTION = YES;
				GCC_WARN_UNUSED_VARIABLE = YES;
				IPHONEOS_DEPLOYMENT_TARGET = 17.5;
				LOCALIZATION_PREFERS_STRING_CATALOGS = YES;
				MTL_ENABLE_DEBUG_INFO = NO;
				MTL_FAST_MATH = YES;
				SDKROOT = iphoneos;
				SWIFT_COMPILATION_MODE = wholemodule;
				VALIDATE_PRODUCT = YES;
			};
			name = Release;
		};
		19CF6FAE2E2EBFCC0059D20A /* Debug */ = {
			isa = XCBuildConfiguration;
			baseConfigurationReference = 816274F211AD33B64D984E4E /* Pods-PKN.debug.xcconfig */;
			buildSettings = {
				ASSETCATALOG_COMPILER_APPICON_NAME = AppIcon;
				ASSETCATALOG_COMPILER_GLOBAL_ACCENT_COLOR_NAME = AccentColor;
				CODE_SIGN_STYLE = Automatic;
				CURRENT_PROJECT_VERSION = 1;
				DEVELOPMENT_ASSET_PATHS = "\"PKN/Preview Content\"";
				DEVELOPMENT_TEAM = 5KMZKBHZYL;
				ENABLE_PREVIEWS = YES;
				GENERATE_INFOPLIST_FILE = YES;
				INFOPLIST_KEY_UIApplicationSceneManifest_Generation = YES;
				INFOPLIST_KEY_UIApplicationSupportsIndirectInputEvents = YES;
				INFOPLIST_KEY_UILaunchScreen_Generation = YES;
				INFOPLIST_KEY_UISupportedInterfaceOrientations_iPad = "UIInterfaceOrientationPortrait UIInterfaceOrientationPortraitUpsideDown UIInterfaceOrientationLandscapeLeft UIInterfaceOrientationLandscapeRight";
				INFOPLIST_KEY_UISupportedInterfaceOrientations_iPhone = "UIInterfaceOrientationPortrait UIInterfaceOrientationLandscapeLeft UIInterfaceOrientationLandscapeRight";
				LD_RUNPATH_SEARCH_PATHS = (
					"$(inherited)",
					"@executable_path/Frameworks",
				);
				MARKETING_VERSION = 1.0;
				PRODUCT_BUNDLE_IDENTIFIER = com.nigam.PKN;
				PRODUCT_NAME = "$(TARGET_NAME)";
				SWIFT_EMIT_LOC_STRINGS = YES;
				SWIFT_VERSION = 5.0;
				TARGETED_DEVICE_FAMILY = "1,2";
			};
			name = Debug;
		};
		19CF6FAF2E2EBFCC0059D20A /* Release */ = {
			isa = XCBuildConfiguration;
			baseConfigurationReference = 639C3F26CDCA9C093F43864C /* Pods-PKN.release.xcconfig */;
			buildSettings = {
				ASSETCATALOG_COMPILER_APPICON_NAME = AppIcon;
				ASSETCATALOG_COMPILER_GLOBAL_ACCENT_COLOR_NAME = AccentColor;
				CODE_SIGN_STYLE = Automatic;
				CURRENT_PROJECT_VERSION = 1;
				DEVELOPMENT_ASSET_PATHS = "\"PKN/Preview Content\"";
				DEVELOPMENT_TEAM = 5KMZKBHZYL;
				ENABLE_PREVIEWS = YES;
				GENERATE_INFOPLIST_FILE = YES;
				INFOPLIST_KEY_UIApplicationSceneManifest_Generation = YES;
				INFOPLIST_KEY_UIApplicationSupportsIndirectInputEvents = YES;
				INFOPLIST_KEY_UILaunchScreen_Generation = YES;
				INFOPLIST_KEY_UISupportedInterfaceOrientations_iPad = "UIInterfaceOrientationPortrait UIInterfaceOrientationPortraitUpsideDown UIInterfaceOrientationLandscapeLeft UIInterfaceOrientationLandscapeRight";
				INFOPLIST_KEY_UISupportedInterfaceOrientations_iPhone = "UIInterfaceOrientationPortrait UIInterfaceOrientationLandscapeLeft UIInterfaceOrientationLandscapeRight";
				LD_RUNPATH_SEARCH_PATHS = (
					"$(inherited)",
					"@executable_path/Frameworks",
				);
				MARKETING_VERSION = 1.0;
				PRODUCT_BUNDLE_IDENTIFIER = com.nigam.PKN;
				PRODUCT_NAME = "$(TARGET_NAME)";
				SWIFT_EMIT_LOC_STRINGS = YES;
				SWIFT_VERSION = 5.0;
				TARGETED_DEVICE_FAMILY = "1,2";
			};
			name = Release;
		};
		19CF6FB12E2EBFCC0059D20A /* Debug */ = {
			isa = XCBuildConfiguration;
			baseConfigurationReference = E6E8137486AF2DDC89B3EEAC /* Pods-PKNTests.debug.xcconfig */;
			buildSettings = {
				ALWAYS_EMBED_SWIFT_STANDARD_LIBRARIES = YES;
				BUNDLE_LOADER = "$(TEST_HOST)";
				CODE_SIGN_STYLE = Automatic;
				CURRENT_PROJECT_VERSION = 1;
				DEVELOPMENT_TEAM = 5KMZKBHZYL;
				GENERATE_INFOPLIST_FILE = YES;
				IPHONEOS_DEPLOYMENT_TARGET = 17.5;
				MARKETING_VERSION = 1.0;
				PRODUCT_BUNDLE_IDENTIFIER = com.nigam.PKNTests;
				PRODUCT_NAME = "$(TARGET_NAME)";
				SWIFT_EMIT_LOC_STRINGS = NO;
				SWIFT_VERSION = 5.0;
				TARGETED_DEVICE_FAMILY = "1,2";
				TEST_HOST = "$(BUILT_PRODUCTS_DIR)/PKN.app/$(BUNDLE_EXECUTABLE_FOLDER_PATH)/PKN";
			};
			name = Debug;
		};
		19CF6FB22E2EBFCC0059D20A /* Release */ = {
			isa = XCBuildConfiguration;
			baseConfigurationReference = 626C6AABCEF7C4B314941BA3 /* Pods-PKNTests.release.xcconfig */;
			buildSettings = {
				ALWAYS_EMBED_SWIFT_STANDARD_LIBRARIES = YES;
				BUNDLE_LOADER = "$(TEST_HOST)";
				CODE_SIGN_STYLE = Automatic;
				CURRENT_PROJECT_VERSION = 1;
				DEVELOPMENT_TEAM = 5KMZKBHZYL;
				GENERATE_INFOPLIST_FILE = YES;
				IPHONEOS_DEPLOYMENT_TARGET = 17.5;
				MARKETING_VERSION = 1.0;
				PRODUCT_BUNDLE_IDENTIFIER = com.nigam.PKNTests;
				PRODUCT_NAME = "$(TARGET_NAME)";
				SWIFT_EMIT_LOC_STRINGS = NO;
				SWIFT_VERSION = 5.0;
				TARGETED_DEVICE_FAMILY = "1,2";
				TEST_HOST = "$(BUILT_PRODUCTS_DIR)/PKN.app/$(BUNDLE_EXECUTABLE_FOLDER_PATH)/PKN";
			};
			name = Release;
		};
		19CF6FB42E2EBFCC0059D20A /* Debug */ = {
			isa = XCBuildConfiguration;
			baseConfigurationReference = 104CEB5CF7BDB5711D27E77F /* Pods-PKN-PKNUITests.debug.xcconfig */;
			buildSettings = {
				ALWAYS_EMBED_SWIFT_STANDARD_LIBRARIES = YES;
				CODE_SIGN_STYLE = Automatic;
				CURRENT_PROJECT_VERSION = 1;
				DEVELOPMENT_TEAM = 5KMZKBHZYL;
				GENERATE_INFOPLIST_FILE = YES;
				MARKETING_VERSION = 1.0;
				PRODUCT_BUNDLE_IDENTIFIER = com.nigam.PKNUITests;
				PRODUCT_NAME = "$(TARGET_NAME)";
				SWIFT_EMIT_LOC_STRINGS = NO;
				SWIFT_VERSION = 5.0;
				TARGETED_DEVICE_FAMILY = "1,2";
				TEST_TARGET_NAME = PKN;
			};
			name = Debug;
		};
		19CF6FB52E2EBFCC0059D20A /* Release */ = {
			isa = XCBuildConfiguration;
			baseConfigurationReference = A5A4B97045D4CD5AC465E812 /* Pods-PKN-PKNUITests.release.xcconfig */;
			buildSettings = {
				ALWAYS_EMBED_SWIFT_STANDARD_LIBRARIES = YES;
				CODE_SIGN_STYLE = Automatic;
				CURRENT_PROJECT_VERSION = 1;
				DEVELOPMENT_TEAM = 5KMZKBHZYL;
				GENERATE_INFOPLIST_FILE = YES;
				MARKETING_VERSION = 1.0;
				PRODUCT_BUNDLE_IDENTIFIER = com.nigam.PKNUITests;
				PRODUCT_NAME = "$(TARGET_NAME)";
				SWIFT_EMIT_LOC_STRINGS = NO;
				SWIFT_VERSION = 5.0;
				TARGETED_DEVICE_FAMILY = "1,2";
				TEST_TARGET_NAME = PKN;
			};
			name = Release;
		};
/* End XCBuildConfiguration section */

/* Begin XCConfigurationList section */
		19CF6F842E2EBFCB0059D20A /* Build configuration list for PBXProject "PKN" */ = {
			isa = XCConfigurationList;
			buildConfigurations = (
				19CF6FAB2E2EBFCC0059D20A /* Debug */,
				19CF6FAC2E2EBFCC0059D20A /* Release */,
			);
			defaultConfigurationIsVisible = 0;
			defaultConfigurationName = Release;
		};
		19CF6FAD2E2EBFCC0059D20A /* Build configuration list for PBXNativeTarget "PKN" */ = {
			isa = XCConfigurationList;
			buildConfigurations = (
				19CF6FAE2E2EBFCC0059D20A /* Debug */,
				19CF6FAF2E2EBFCC0059D20A /* Release */,
			);
			defaultConfigurationIsVisible = 0;
			defaultConfigurationName = Release;
		};
		19CF6FB02E2EBFCC0059D20A /* Build configuration list for PBXNativeTarget "PKNTests" */ = {
			isa = XCConfigurationList;
			buildConfigurations = (
				19CF6FB12E2EBFCC0059D20A /* Debug */,
				19CF6FB22E2EBFCC0059D20A /* Release */,
			);
			defaultConfigurationIsVisible = 0;
			defaultConfigurationName = Release;
		};
		19CF6FB32E2EBFCC0059D20A /* Build configuration list for PBXNativeTarget "PKNUITests" */ = {
			isa = XCConfigurationList;
			buildConfigurations = (
				19CF6FB42E2EBFCC0059D20A /* Debug */,
				19CF6FB52E2EBFCC0059D20A /* Release */,
			);
			defaultConfigurationIsVisible = 0;
			defaultConfigurationName = Release;
		};
/* End XCConfigurationList section */
	};
	rootObject = 19CF6F812E2EBFCB0059D20A /* Project object */;
}
