// !$*UTF8*$!
{
	archiveVersion = 1;
	classes = {
	};
	objectVersion = 56;
	objects = {

/* Begin PBXBuildFile section */
		19CF6F8D2E2EBFCB0059D20A /* PKNApp.swift in Sources */ = {isa = PBXBuildFile; fileRef = 19CF6F8C2E2EBFCB0059D20A /* PKNApp.swift */; };
		19CF6F8F2E2EBFCB0059D20A /* ContentView.swift in Sources */ = {isa = PBXBuildFile; fileRef = 19CF6F8E2E2EBFCB0059D20A /* ContentView.swift */; };
		19CF6F912E2EBFCC0059D20A /* Assets.xcassets in Resources */ = {isa = PBXBuildFile; fileRef = 19CF6F902E2EBFCC0059D20A /* Assets.xcassets */; };
		19CF6F942E2EBFCC0059D20A /* Preview Assets.xcassets in Resources */ = {isa = PBXBuildFile; fileRef = 19CF6F932E2EBFCC0059D20A /* Preview Assets.xcassets */; };
		19CF6F9E2E2EBFCC0059D20A /* PKNTests.swift in Sources */ = {isa = PBXBuildFile; fileRef = 19CF6F9D2E2EBFCC0059D20A /* PKNTests.swift */; };
		19CF6FA82E2EBFCC0059D20A /* PKNUITests.swift in Sources */ = {isa = PBXBuildFile; fileRef = 19CF6FA72E2EBFCC0059D20A /* PKNUITests.swift */; };
		19CF6FAA2E2EBFCC0059D20A /* PKNUITestsLaunchTests.swift in Sources */ = {isa = PBXBuildFile; fileRef = 19CF6FA92E2EBFCC0059D20A /* PKNUITestsLaunchTests.swift */; };
/* End PBXBuildFile section */

/* Begin PBXContainerItemProxy section */
		19CF6F9A2E2EBFCC0059D20A /* PBXContainerItemProxy */ = {
			isa = PBXContainerItemProxy;
			containerPortal = 19CF6F812E2EBFCB0059D20A /* Project object */;
			proxyType = 1;
			remoteGlobalIDString = 19CF6F882E2EBFCB0059D20A;
			remoteInfo = PKN;
		};
		19CF6FA42E2EBFCC0059D20A /* PBXContainerItemProxy */ = {
			isa = PBXContainerItemProxy;
			containerPortal = 19CF6F812E2EBFCB0059D20A /* Project object */;
			proxyType = 1;
			remoteGlobalIDString = 19CF6F882E2EBFCB0059D20A;
			remoteInfo = PKN;
		};
/* End PBXContainerItemProxy section */

/* Begin PBXFileReference section */
		19CF6F892E2EBFCB0059D20A /* PKN.app */ = {isa = PBXFileReference; explicitFileType = wrapper.application; includeInIndex = 0; path = PKN.app; sourceTree = BUILT_PRODUCTS_DIR; };
		19CF6F8C2E2EBFCB0059D20A /* PKNApp.swift */ = {isa = PBXFileReference; lastKnownFileType = sourcecode.swift; path = PKNApp.swift; sourceTree = "<group>"; };
		19CF6F8E2E2EBFCB0059D20A /* ContentView.swift */ = {isa = PBXFileReference; lastKnownFileType = sourcecode.swift; path = ContentView.swift; sourceTree = "<group>"; };
		19CF6F902E2EBFCC0059D20A /* Assets.xcassets */ = {isa = PBXFileReference; lastKnownFileType = folder.assetcatalog; path = Assets.xcassets; sourceTree = "<group>"; };
		19CF6F932E2EBFCC0059D20A /* Preview Assets.xcassets */ = {isa = PBXFileReference; lastKnownFileType = folder.assetcatalog; path = "Preview Assets.xcassets"; sourceTree = "<group>"; };
		19CF6F992E2EBFCC0059D20A /* PKNTests.xctest */ = {isa = PBXFileReference; explicitFileType = wrapper.cfbundle; includeInIndex = 0; path = PKNTests.xctest; sourceTree = BUILT_PRODUCTS_DIR; };
		19CF6F9D2E2EBFCC0059D20A /* PKNTests.swift */ = {isa = PBXFileReference; lastKnownFileType = sourcecode.swift; path = PKNTests.swift; sourceTree = "<group>"; };
		19CF6FA32E2EBFCC0059D20A /* PKNUITests.xctest */ = {isa = PBXFileReference; explicitFileType = wrapper.cfbundle; includeInIndex = 0; path = PKNUITests.xctest; sourceTree = BUILT_PRODUCTS_DIR; };
		19CF6FA72E2EBFCC0059D20A /* PKNUITests.swift */ = {isa = PBXFileReference; lastKnownFileType = sourcecode.swift; path = PKNUITests.swift; sourceTree = "<group>"; };
		19CF6FA92E2EBFCC0059D20A /* PKNUITestsLaunchTests.swift */ = {isa = PBXFileReference; lastKnownFileType = sourcecode.swift; path = PKNUITestsLaunchTests.swift; sourceTree = "<group>"; };
/* End PBXFileReference section */

/* Begin PBXFrameworksBuildPhase section */
		19CF6F862E2EBFCB0059D20A /* Frameworks */ = {
			isa = PBXFrameworksBuildPhase;
			buildActionMask = 2147483647;
			files = (
			);
			runOnlyForDeploymentPostprocessing = 0;
		};
		19CF6F962E2EBFCC0059D20A /* Frameworks */ = {
			isa = PBXFrameworksBuildPhase;
			buildActionMask = 2147483647;
			files = (
			);
			runOnlyForDeploymentPostprocessing = 0;
		};
		19CF6FA02E2EBFCC0059D20A /* Frameworks */ = {
			isa = PBXFrameworksBuildPhase;
			buildActionMask = 2147483647;
			files = (
			);
			runOnlyForDeploymentPostprocessing = 0;
		};
/* End PBXFrameworksBuildPhase section */

/* Begin PBXGroup section */
		19CF6F802E2EBFCB0059D20A = {
			isa = PBXGroup;
			children = (
				19CF6F8B2E2EBFCB0059D20A /* PKN */,
				19CF6F9C2E2EBFCC0059D20A /* PKNTests */,
				19CF6FA62E2EBFCC0059D20A /* PKNUITests */,
				19CF6F8A2E2EBFCB0059D20A /* Products */,
			);
			sourceTree = "<group>";
		};
		19CF6F8A2E2EBFCB0059D20A /* Products */ = {
			isa = PBXGroup;
			children = (
				19CF6F892E2EBFCB0059D20A /* PKN.app */,
				19CF6F992E2EBFCC0059D20A /* PKNTests.xctest */,
				19CF6FA32E2EBFCC0059D20A /* PKNUITests.xctest */,
			);
			name = Products;
			sourceTree = "<group>";
		};
		19CF6F8B2E2EBFCB0059D20A /* PKN */ = {
			isa = PBXGroup;
			children = (
				19CF6F8C2E2EBFCB0059D20A /* PKNApp.swift */,
				19CF6F8E2E2EBFCB0059D20A /* ContentView.swift */,
				19CF6F902E2EBFCC0059D20A /* Assets.xcassets */,
				19CF6F922E2EBFCC0059D20A /* Preview Content */,
			);
			path = PKN;
			sourceTree = "<group>";
		};
		19CF6F922E2EBFCC0059D20A /* Preview Content */ = {
			isa = PBXGroup;
			children = (
				19CF6F932E2EBFCC0059D20A /* Preview Assets.xcassets */,
			);
			path = "Preview Content";
			sourceTree = "<group>";
		};
		19CF6F9C2E2EBFCC0059D20A /* PKNTests */ = {
			isa = PBXGroup;
			children = (
				19CF6F9D2E2EBFCC0059D20A /* PKNTests.swift */,
			);
			path = PKNTests;
			sourceTree = "<group>";
		};
		19CF6FA62E2EBFCC0059D20A /* PKNUITests */ = {
			isa = PBXGroup;
			children = (
				19CF6FA72E2EBFCC0059D20A /* PKNUITests.swift */,
				19CF6FA92E2EBFCC0059D20A /* PKNUITestsLaunchTests.swift */,
			);
			path = PKNUITests;
			sourceTree = "<group>";
		};
/* End PBXGroup section */

/* Begin PBXNativeTarget section */
		19CF6F882E2EBFCB0059D20A /* PKN */ = {
			isa = PBXNativeTarget;
			buildConfigurationList = 19CF6FAD2E2EBFCC0059D20A /* Build configuration list for PBXNativeTarget "PKN" */;
			buildPhases = (
				19CF6F852E2EBFCB0059D20A /* Sources */,
				19CF6F862E2EBFCB0059D20A /* Frameworks */,
				19CF6F872E2EBFCB0059D20A /* Resources */,
			);
			buildRules = (
			);
			dependencies = (
			);
			name = PKN;
			productName = PKN;
			productReference = 19CF6F892E2EBFCB0059D20A /* PKN.app */;
			productType = "com.apple.product-type.application";
		};
		19CF6F982E2EBFCC0059D20A /* PKNTests */ = {
			isa = PBXNativeTarget;
			buildConfigurationList = 19CF6FB02E2EBFCC0059D20A /* Build configuration list for PBXNativeTarget "PKNTests" */;
			buildPhases = (
				19CF6F952E2EBFCC0059D20A /* Sources */,
				19CF6F962E2EBFCC0059D20A /* Frameworks */,
				19CF6F972E2EBFCC0059D20A /* Resources */,
			);
			buildRules = (
			);
			dependencies = (
				19CF6F9B2E2EBFCC0059D20A /* PBXTargetDependency */,
			);
			name = PKNTests;
			productName = PKNTests;
			productReference = 19CF6F992E2EBFCC0059D20A /* PKNTests.xctest */;
			productType = "com.apple.product-type.bundle.unit-test";
		};
		19CF6FA22E2EBFCC0059D20A /* PKNUITests */ = {
			isa = PBXNativeTarget;
			buildConfigurationList = 19CF6FB32E2EBFCC0059D20A /* Build configuration list for PBXNativeTarget "PKNUITests" */;
			buildPhases = (
				19CF6F9F2E2EBFCC0059D20A /* Sources */,
				19CF6FA02E2EBFCC0059D20A /* Frameworks */,
				19CF6FA12E2EBFCC0059D20A /* Resources */,
			);
			buildRules = (
			);
			dependencies = (
				19CF6FA52E2EBFCC0059D20A /* PBXTargetDependency */,
			);
			name = PKNUITests;
			productName = PKNUITests;
			productReference = 19CF6FA32E2EBFCC0059D20A /* PKNUITests.xctest */;
			productType = "com.apple.product-type.bundle.ui-testing";
		};
/* End PBXNativeTarget section */

/* Begin PBXProject section */
		19CF6F812E2EBFCB0059D20A /* Project object */ = {
			isa = PBXProject;
			attributes = {
				BuildIndependentTargetsInParallel = 1;
				LastSwiftUpdateCheck = 1540;
				LastUpgradeCheck = 1540;
				TargetAttributes = {
					19CF6F882E2EBFCB0059D20A = {
						CreatedOnToolsVersion = 15.4;
					};
					19CF6F982E2EBFCC0059D20A = {
						CreatedOnToolsVersion = 15.4;
						TestTargetID = 19CF6F882E2EBFCB0059D20A;
					};
					19CF6FA22E2EBFCC0059D20A = {
						CreatedOnToolsVersion = 15.4;
						TestTargetID = 19CF6F882E2EBFCB0059D20A;
					};
				};
			};
			buildConfigurationList = 19CF6F842E2EBFCB0059D20A /* Build configuration list for PBXProject "PKN" */;
			compatibilityVersion = "Xcode 14.0";
			developmentRegion = en;
			hasScannedForEncodings = 0;
			knownRegions = (
				en,
				Base,
			);
			mainGroup = 19CF6F802E2EBFCB0059D20A;
			productRefGroup = 19CF6F8A2E2EBFCB0059D20A /* Products */;
			projectDirPath = "";
			projectRoot = "";
			targets = (
				19CF6F882E2EBFCB0059D20A /* PKN */,
				19CF6F982E2EBFCC0059D20A /* PKNTests */,
				19CF6FA22E2EBFCC0059D20A /* PKNUITests */,
			);
		};
/* End PBXProject section */

/* Begin PBXResourcesBuildPhase section */
		19CF6F872E2EBFCB0059D20A /* Resources */ = {
			isa = PBXResourcesBuildPhase;
			buildActionMask = 2147483647;
			files = (
				19CF6F942E2EBFCC0059D20A /* Preview Assets.xcassets in Resources */,
				19CF6F912E2EBFCC0059D20A /* Assets.xcassets in Resources */,
			);
			runOnlyForDeploymentPostprocessing = 0;
		};
		19CF6F972E2EBFCC0059D20A /* Resources */ = {
			isa = PBXResourcesBuildPhase;
			buildActionMask = 2147483647;
			files = (
			);
			runOnlyForDeploymentPostprocessing = 0;
		};
		19CF6FA12E2EBFCC0059D20A /* Resources */ = {
			isa = PBXResourcesBuildPhase;
			buildActionMask = 2147483647;
			files = (
			);
			runOnlyForDeploymentPostprocessing = 0;
		};
/* End PBXResourcesBuildPhase section */

/* Begin PBXSourcesBuildPhase section */
		19CF6F852E2EBFCB0059D20A /* Sources */ = {
			isa = PBXSourcesBuildPhase;
			buildActionMask = 2147483647;
			files = (
				19CF6F8F2E2EBFCB0059D20A /* ContentView.swift in Sources */,
				19CF6F8D2E2EBFCB0059D20A /* PKNApp.swift in Sources */,
			);
			runOnlyForDeploymentPostprocessing = 0;
		};
		19CF6F952E2EBFCC0059D20A /* Sources */ = {
			isa = PBXSourcesBuildPhase;
			buildActionMask = 2147483647;
			files = (
				19CF6F9E2E2EBFCC0059D20A /* PKNTests.swift in Sources */,
			);
			runOnlyForDeploymentPostprocessing = 0;
		};
		19CF6F9F2E2EBFCC0059D20A /* Sources */ = {
			isa = PBXSourcesBuildPhase;
			buildActionMask = 2147483647;
			files = (
				19CF6FAA2E2EBFCC0059D20A /* PKNUITestsLaunchTests.swift in Sources */,
				19CF6FA82E2EBFCC0059D20A /* PKNUITests.swift in Sources */,
			);
			runOnlyForDeploymentPostprocessing = 0;
		};
/* End PBXSourcesBuildPhase section */

/* Begin PBXTargetDependency section */
		19CF6F9B2E2EBFCC0059D20A /* PBXTargetDependency */ = {
			isa = PBXTargetDependency;
			target = 19CF6F882E2EBFCB0059D20A /* PKN */;
			targetProxy = 19CF6F9A2E2EBFCC0059D20A /* PBXContainerItemProxy */;
		};
		19CF6FA52E2EBFCC0059D20A /* PBXTargetDependency */ = {
			isa = PBXTargetDependency;
			target = 19CF6F882E2EBFCB0059D20A /* PKN */;
			targetProxy = 19CF6FA42E2EBFCC0059D20A /* PBXContainerItemProxy */;
		};
/* End PBXTargetDependency section */

/* Begin XCBuildConfiguration section */
		19CF6FAB2E2EBFCC0059D20A /* Debug */ = {
			isa = XCBuildConfiguration;
			buildSettings = {
				ALWAYS_SEARCH_USER_PATHS = NO;
				ASSETCATALOG_COMPILER_GENERATE_SWIFT_ASSET_SYMBOL_EXTENSIONS = YES;
				CLANG_ANALYZER_NONNULL = YES;
				CLANG_ANALYZER_NUMBER_OBJECT_CONVERSION = YES_AGGRESSIVE;
				CLANG_CXX_LANGUAGE_STANDARD = "gnu++20";
				CLANG_ENABLE_MODULES = YES;
				CLANG_ENABLE_OBJC_ARC = YES;
				CLANG_ENABLE_OBJC_WEAK = YES;
				CLANG_WARN_BLOCK_CAPTURE_AUTORELEASING = YES;
				CLANG_WARN_BOOL_CONVERSION = YES;
				CLANG_WARN_COMMA = YES;
				CLANG_WARN_CONSTANT_CONVERSION = YES;
				CLANG_WARN_DEPRECATED_OBJC_IMPLEMENTATIONS = YES;
				CLANG_WARN_DIRECT_OBJC_ISA_USAGE = YES_ERROR;
				CLANG_WARN_DOCUMENTATION_COMMENTS = YES;
				CLANG_WARN_EMPTY_BODY = YES;
				CLANG_WARN_ENUM_CONVERSION = YES;
				CLANG_WARN_INFINITE_RECURSION = YES;
				CLANG_WARN_INT_CONVERSION = YES;
				CLANG_WARN_NON_LITERAL_NULL_CONVERSION = YES;
				CLANG_WARN_OBJC_IMPLICIT_RETAIN_SELF = YES;
				CLANG_WARN_OBJC_LITERAL_CONVERSION = YES;
				CLANG_WARN_OBJC_ROOT_CLASS = YES_ERROR;
				CLANG_WARN_QUOTED_INCLUDE_IN_FRAMEWORK_HEADER = YES;
				CLANG_WARN_RANGE_LOOP_ANALYSIS = YES;
				CLANG_WARN_STRICT_PROTOTYPES = YES;
				CLANG_WARN_SUSPICIOUS_MOVE = YES;
				CLANG_WARN_UNGUARDED_AVAILABILITY = YES_AGGRESSIVE;
				CLANG_WARN_UNREACHABLE_CODE = YES;
				CLANG_WARN__DUPLICATE_METHOD_MATCH = YES;
				COPY_PHASE_STRIP = NO;
				DEBUG_INFORMATION_FORMAT = dwarf;
				ENABLE_STRICT_OBJC_MSGSEND = YES;
				ENABLE_TESTABILITY = YES;
				ENABLE_USER_SCRIPT_SANDBOXING = YES;
				GCC_C_LANGUAGE_STANDARD = gnu17;
				GCC_DYNAMIC_NO_PIC = NO;
				GCC_NO_COMMON_BLOCKS = YES;
				GCC_OPTIMIZATION_LEVEL = 0;
				GCC_PREPROCESSOR_DEFINITIONS = (
					"DEBUG=1",
					"$(inherited)",
				);
				GCC_WARN_64_TO_32_BIT_CONVERSION = YES;
				GCC_WARN_ABOUT_RETURN_TYPE = YES_ERROR;
				GCC_WARN_UNDECLARED_SELECTOR = YES;
				GCC_WARN_UNINITIALIZED_AUTOS = YES_AGGRESSIVE;
				GCC_WARN_UNUSED_FUNCTION = YES;
				GCC_WARN_UNUSED_VARIABLE = YES;
				IPHONEOS_DEPLOYMENT_TARGET = 17.5;
				LOCALIZATION_PREFERS_STRING_CATALOGS = YES;
				MTL_ENABLE_DEBUG_INFO = INCLUDE_SOURCE;
				MTL_FAST_MATH = YES;
				ONLY_ACTIVE_ARCH = YES;
				SDKROOT = iphoneos;
				SWIFT_ACTIVE_COMPILATION_CONDITIONS = "DEBUG $(inherited)";
				SWIFT_OPTIMIZATION_LEVEL = "-Onone";
			};
			name = Debug;
		};
		19CF6FAC2E2EBFCC0059D20A /* Release */ = {
			isa = XCBuildConfiguration;
			buildSettings = {
				ALWAYS_SEARCH_USER_PATHS = NO;
				ASSETCATALOG_COMPILER_GENERATE_SWIFT_ASSET_SYMBOL_EXTENSIONS = YES;
				CLANG_ANALYZER_NONNULL = YES;
				CLANG_ANALYZER_NUMBER_OBJECT_CONVERSION = YES_AGGRESSIVE;
				CLANG_CXX_LANGUAGE_STANDARD = "gnu++20";
				CLANG_ENABLE_MODULES = YES;
				CLANG_ENABLE_OBJC_ARC = YES;
				CLANG_ENABLE_OBJC_WEAK = YES;
				CLANG_WARN_BLOCK_CAPTURE_AUTORELEASING = YES;
				CLANG_WARN_BOOL_CONVERSION = YES;
				CLANG_WARN_COMMA = YES;
				CLANG_WARN_CONSTANT_CONVERSION = YES;
				CLANG_WARN_DEPRECATED_OBJC_IMPLEMENTATIONS = YES;
				CLANG_WARN_DIRECT_OBJC_ISA_USAGE = YES_ERROR;
				CLANG_WARN_DOCUMENTATION_COMMENTS = YES;
				CLANG_WARN_EMPTY_BODY = YES;
				CLANG_WARN_ENUM_CONVERSION = YES;
				CLANG_WARN_INFINITE_RECURSION = YES;
				CLANG_WARN_INT_CONVERSION = YES;
				CLANG_WARN_NON_LITERAL_NULL_CONVERSION = YES;
				CLANG_WARN_OBJC_IMPLICIT_RETAIN_SELF = YES;
				CLANG_WARN_OBJC_LITERAL_CONVERSION = YES;
				CLANG_WARN_OBJC_ROOT_CLASS = YES_ERROR;
				CLANG_WARN_QUOTED_INCLUDE_IN_FRAMEWORK_HEADER = YES;
				CLANG_WARN_RANGE_LOOP_ANALYSIS = YES;
				CLANG_WARN_STRICT_PROTOTYPES = YES;
				CLANG_WARN_SUSPICIOUS_MOVE = YES;
				CLANG_WARN_UNGUARDED_AVAILABILITY = YES_AGGRESSIVE;
				CLANG_WARN_UNREACHABLE_CODE = YES;
				CLANG_WARN__DUPLICATE_METHOD_MATCH = YES;
				COPY_PHASE_STRIP = NO;
				DEBUG_INFORMATION_FORMAT = "dwarf-with-dsym";
				ENABLE_NS_ASSERTIONS = NO;
				ENABLE_STRICT_OBJC_MSGSEND = YES;
				ENABLE_USER_SCRIPT_SANDBOXING = YES;
				GCC_C_LANGUAGE_STANDARD = gnu17;
				GCC_NO_COMMON_BLOCKS = YES;
				GCC_WARN_64_TO_32_BIT_CONVERSION = YES;
				GCC_WARN_ABOUT_RETURN_TYPE = YES_ERROR;
				GCC_WARN_UNDECLARED_SELECTOR = YES;
				GCC_WARN_UNINITIALIZED_AUTOS = YES_AGGRESSIVE;
				GCC_WARN_UNUSED_FUNCTION = YES;
				GCC_WARN_UNUSED_VARIABLE = YES;
				IPHONEOS_DEPLOYMENT_TARGET = 17.5;
				LOCALIZATION_PREFERS_STRING_CATALOGS = YES;
				MTL_ENABLE_DEBUG_INFO = NO;
				MTL_FAST_MATH = YES;
				SDKROOT = iphoneos;
				SWIFT_COMPILATION_MODE = wholemodule;
				VALIDATE_PRODUCT = YES;
			};
			name = Release;
		};
		19CF6FAE2E2EBFCC0059D20A /* Debug */ = {
			isa = XCBuildConfiguration;
			buildSettings = {
				ASSETCATALOG_COMPILER_APPICON_NAME = AppIcon;
				ASSETCATALOG_COMPILER_GLOBAL_ACCENT_COLOR_NAME = AccentColor;
				CODE_SIGN_STYLE = Automatic;
				CURRENT_PROJECT_VERSION = 1;
				DEVELOPMENT_ASSET_PATHS = "\"PKN/Preview Content\"";
				DEVELOPMENT_TEAM = 5KMZKBHZYL;
				ENABLE_PREVIEWS = YES;
				GENERATE_INFOPLIST_FILE = YES;
				INFOPLIST_KEY_UIApplicationSceneManifest_Generation = YES;
				INFOPLIST_KEY_UIApplicationSupportsIndirectInputEvents = YES;
				INFOPLIST_KEY_UILaunchScreen_Generation = YES;
				INFOPLIST_KEY_UISupportedInterfaceOrientations_iPad = "UIInterfaceOrientationPortrait UIInterfaceOrientationPortraitUpsideDown UIInterfaceOrientationLandscapeLeft UIInterfaceOrientationLandscapeRight";
				INFOPLIST_KEY_UISupportedInterfaceOrientations_iPhone = "UIInterfaceOrientationPortrait UIInterfaceOrientationLandscapeLeft UIInterfaceOrientationLandscapeRight";
				LD_RUNPATH_SEARCH_PATHS = (
					"$(inherited)",
					"@executable_path/Frameworks",
				);
				MARKETING_VERSION = 1.0;
				PRODUCT_BUNDLE_IDENTIFIER = com.nigam.PKN;
				PRODUCT_NAME = "$(TARGET_NAME)";
				SWIFT_EMIT_LOC_STRINGS = YES;
				SWIFT_VERSION = 5.0;
				TARGETED_DEVICE_FAMILY = "1,2";
			};
			name = Debug;
		};
		19CF6FAF2E2EBFCC0059D20A /* Release */ = {
			isa = XCBuildConfiguration;
			buildSettings = {
				ASSETCATALOG_COMPILER_APPICON_NAME = AppIcon;
				ASSETCATALOG_COMPILER_GLOBAL_ACCENT_COLOR_NAME = AccentColor;
				CODE_SIGN_STYLE = Automatic;
				CURRENT_PROJECT_VERSION = 1;
				DEVELOPMENT_ASSET_PATHS = "\"PKN/Preview Content\"";
				DEVELOPMENT_TEAM = 5KMZKBHZYL;
				ENABLE_PREVIEWS = YES;
				GENERATE_INFOPLIST_FILE = YES;
				INFOPLIST_KEY_UIApplicationSceneManifest_Generation = YES;
				INFOPLIST_KEY_UIApplicationSupportsIndirectInputEvents = YES;
				INFOPLIST_KEY_UILaunchScreen_Generation = YES;
				INFOPLIST_KEY_UISupportedInterfaceOrientations_iPad = "UIInterfaceOrientationPortrait UIInterfaceOrientationPortraitUpsideDown UIInterfaceOrientationLandscapeLeft UIInterfaceOrientationLandscapeRight";
				INFOPLIST_KEY_UISupportedInterfaceOrientations_iPhone = "UIInterfaceOrientationPortrait UIInterfaceOrientationLandscapeLeft UIInterfaceOrientationLandscapeRight";
				LD_RUNPATH_SEARCH_PATHS = (
					"$(inherited)",
					"@executable_path/Frameworks",
				);
				MARKETING_VERSION = 1.0;
				PRODUCT_BUNDLE_IDENTIFIER = com.nigam.PKN;
				PRODUCT_NAME = "$(TARGET_NAME)";
				SWIFT_EMIT_LOC_STRINGS = YES;
				SWIFT_VERSION = 5.0;
				TARGETED_DEVICE_FAMILY = "1,2";
			};
			name = Release;
		};
		19CF6FB12E2EBFCC0059D20A /* Debug */ = {
			isa = XCBuildConfiguration;
			buildSettings = {
				ALWAYS_EMBED_SWIFT_STANDARD_LIBRARIES = YES;
				BUNDLE_LOADER = "$(TEST_HOST)";
				CODE_SIGN_STYLE = Automatic;
				CURRENT_PROJECT_VERSION = 1;
				DEVELOPMENT_TEAM = 5KMZKBHZYL;
				GENERATE_INFOPLIST_FILE = YES;
				IPHONEOS_DEPLOYMENT_TARGET = 17.5;
				MARKETING_VERSION = 1.0;
				PRODUCT_BUNDLE_IDENTIFIER = com.nigam.PKNTests;
				PRODUCT_NAME = "$(TARGET_NAME)";
				SWIFT_EMIT_LOC_STRINGS = NO;
				SWIFT_VERSION = 5.0;
				TARGETED_DEVICE_FAMILY = "1,2";
				TEST_HOST = "$(BUILT_PRODUCTS_DIR)/PKN.app/$(BUNDLE_EXECUTABLE_FOLDER_PATH)/PKN";
			};
			name = Debug;
		};
		19CF6FB22E2EBFCC0059D20A /* Release */ = {
			isa = XCBuildConfiguration;
			buildSettings = {
				ALWAYS_EMBED_SWIFT_STANDARD_LIBRARIES = YES;
				BUNDLE_LOADER = "$(TEST_HOST)";
				CODE_SIGN_STYLE = Automatic;
				CURRENT_PROJECT_VERSION = 1;
				DEVELOPMENT_TEAM = 5KMZKBHZYL;
				GENERATE_INFOPLIST_FILE = YES;
				IPHONEOS_DEPLOYMENT_TARGET = 17.5;
				MARKETING_VERSION = 1.0;
				PRODUCT_BUNDLE_IDENTIFIER = com.nigam.PKNTests;
				PRODUCT_NAME = "$(TARGET_NAME)";
				SWIFT_EMIT_LOC_STRINGS = NO;
				SWIFT_VERSION = 5.0;
				TARGETED_DEVICE_FAMILY = "1,2";
				TEST_HOST = "$(BUILT_PRODUCTS_DIR)/PKN.app/$(BUNDLE_EXECUTABLE_FOLDER_PATH)/PKN";
			};
			name = Release;
		};
		19CF6FB42E2EBFCC0059D20A /* Debug */ = {
			isa = XCBuildConfiguration;
			buildSettings = {
				ALWAYS_EMBED_SWIFT_STANDARD_LIBRARIES = YES;
				CODE_SIGN_STYLE = Automatic;
				CURRENT_PROJECT_VERSION = 1;
				DEVELOPMENT_TEAM = 5KMZKBHZYL;
				GENERATE_INFOPLIST_FILE = YES;
				MARKETING_VERSION = 1.0;
				PRODUCT_BUNDLE_IDENTIFIER = com.nigam.PKNUITests;
				PRODUCT_NAME = "$(TARGET_NAME)";
				SWIFT_EMIT_LOC_STRINGS = NO;
				SWIFT_VERSION = 5.0;
				TARGETED_DEVICE_FAMILY = "1,2";
				TEST_TARGET_NAME = PKN;
			};
			name = Debug;
		};
		19CF6FB52E2EBFCC0059D20A /* Release */ = {
			isa = XCBuildConfiguration;
			buildSettings = {
				ALWAYS_EMBED_SWIFT_STANDARD_LIBRARIES = YES;
				CODE_SIGN_STYLE = Automatic;
				CURRENT_PROJECT_VERSION = 1;
				DEVELOPMENT_TEAM = 5KMZKBHZYL;
				GENERATE_INFOPLIST_FILE = YES;
				MARKETING_VERSION = 1.0;
				PRODUCT_BUNDLE_IDENTIFIER = com.nigam.PKNUITests;
				PRODUCT_NAME = "$(TARGET_NAME)";
				SWIFT_EMIT_LOC_STRINGS = NO;
				SWIFT_VERSION = 5.0;
				TARGETED_DEVICE_FAMILY = "1,2";
				TEST_TARGET_NAME = PKN;
			};
			name = Release;
		};
/* End XCBuildConfiguration section */

/* Begin XCConfigurationList section */
		19CF6F842E2EBFCB0059D20A /* Build configuration list for PBXProject "PKN" */ = {
			isa = XCConfigurationList;
			buildConfigurations = (
				19CF6FAB2E2EBFCC0059D20A /* Debug */,
				19CF6FAC2E2EBFCC0059D20A /* Release */,
			);
			defaultConfigurationIsVisible = 0;
			defaultConfigurationName = Release;
		};
		19CF6FAD2E2EBFCC0059D20A /* Build configuration list for PBXNativeTarget "PKN" */ = {
			isa = XCConfigurationList;
			buildConfigurations = (
				19CF6FAE2E2EBFCC0059D20A /* Debug */,
				19CF6FAF2E2EBFCC0059D20A /* Release */,
			);
			defaultConfigurationIsVisible = 0;
			defaultConfigurationName = Release;
		};
		19CF6FB02E2EBFCC0059D20A /* Build configuration list for PBXNativeTarget "PKNTests" */ = {
			isa = XCConfigurationList;
			buildConfigurations = (
				19CF6FB12E2EBFCC0059D20A /* Debug */,
				19CF6FB22E2EBFCC0059D20A /* Release */,
			);
			defaultConfigurationIsVisible = 0;
			defaultConfigurationName = Release;
		};
		19CF6FB32E2EBFCC0059D20A /* Build configuration list for PBXNativeTarget "PKNUITests" */ = {
			isa = XCConfigurationList;
			buildConfigurations = (
				19CF6FB42E2EBFCC0059D20A /* Debug */,
				19CF6FB52E2EBFCC0059D20A /* Release */,
			);
			defaultConfigurationIsVisible = 0;
			defaultConfigurationName = Release;
		};
/* End XCConfigurationList section */
	};
	rootObject = 19CF6F812E2EBFCB0059D20A /* Project object */;
}
